// !$*UTF8*$!
{
	archiveVersion = 1;
	classes = {
	};
	objectVersion = 50;
	objects = {

/* Begin PBXBuildFile section */
		780FA642233E2D05005FA8B7 /* ToDo.xcdatamodeld in Sources */ = {isa = PBXBuildFile; fileRef = 780FA640233E2D05005FA8B7 /* ToDo.xcdatamodeld */; };
		780FA644233E4146005FA8B7 /* CoreDataStack.swift in Sources */ = {isa = PBXBuildFile; fileRef = 780FA643233E4146005FA8B7 /* CoreDataStack.swift */; };
		788AB1312357261000CEFB9C /* todo.gif in Resources */ = {isa = PBXBuildFile; fileRef = 788AB1302357261000CEFB9C /* todo.gif */; };
		78C6ADFD233E1C4A00DDF781 /* AddToDoViewController.swift in Sources */ = {isa = PBXBuildFile; fileRef = 78C6ADFC233E1C4A00DDF781 /* AddToDoViewController.swift */; };
		78C6ADFF233E1C7C00DDF781 /* ToDoTableViewController.swift in Sources */ = {isa = PBXBuildFile; fileRef = 78C6ADFE233E1C7C00DDF781 /* ToDoTableViewController.swift */; };
		78F4AB7E233E130900AA08D6 /* AppDelegate.swift in Sources */ = {isa = PBXBuildFile; fileRef = 78F4AB7D233E130900AA08D6 /* AppDelegate.swift */; };
		78F4AB83233E130900AA08D6 /* Main.storyboard in Resources */ = {isa = PBXBuildFile; fileRef = 78F4AB81233E130900AA08D6 /* Main.storyboard */; };
		78F4AB85233E130B00AA08D6 /* Assets.xcassets in Resources */ = {isa = PBXBuildFile; fileRef = 78F4AB84233E130B00AA08D6 /* Assets.xcassets */; };
		78F4AB88233E130B00AA08D6 /* LaunchScreen.storyboard in Resources */ = {isa = PBXBuildFile; fileRef = 78F4AB86233E130B00AA08D6 /* LaunchScreen.storyboard */; };
/* End PBXBuildFile section */

/* Begin PBXFileReference section */
		780FA641233E2D05005FA8B7 /* ToDo.xcdatamodel */ = {isa = PBXFileReference; lastKnownFileType = wrapper.xcdatamodel; path = ToDo.xcdatamodel; sourceTree = "<group>"; };
		780FA643233E4146005FA8B7 /* CoreDataStack.swift */ = {isa = PBXFileReference; lastKnownFileType = sourcecode.swift; path = CoreDataStack.swift; sourceTree = "<group>"; };
		788AB1302357261000CEFB9C /* todo.gif */ = {isa = PBXFileReference; lastKnownFileType = image.gif; path = todo.gif; sourceTree = "<group>"; };
		78C6ADFC233E1C4A00DDF781 /* AddToDoViewController.swift */ = {isa = PBXFileReference; lastKnownFileType = sourcecode.swift; path = AddToDoViewController.swift; sourceTree = "<group>"; };
		78C6ADFE233E1C7C00DDF781 /* ToDoTableViewController.swift */ = {isa = PBXFileReference; lastKnownFileType = sourcecode.swift; path = ToDoTableViewController.swift; sourceTree = "<group>"; };
		78F4AB7A233E130900AA08D6 /* ToDoApplication.app */ = {isa = PBXFileReference; explicitFileType = wrapper.application; includeInIndex = 0; path = ToDoApplication.app; sourceTree = BUILT_PRODUCTS_DIR; };
		78F4AB7D233E130900AA08D6 /* AppDelegate.swift */ = {isa = PBXFileReference; lastKnownFileType = sourcecode.swift; path = AppDelegate.swift; sourceTree = "<group>"; };
		78F4AB82233E130900AA08D6 /* Base */ = {isa = PBXFileReference; lastKnownFileType = file.storyboard; name = Base; path = Base.lproj/Main.storyboard; sourceTree = "<group>"; };
		78F4AB84233E130B00AA08D6 /* Assets.xcassets */ = {isa = PBXFileReference; lastKnownFileType = folder.assetcatalog; path = Assets.xcassets; sourceTree = "<group>"; };
		78F4AB87233E130B00AA08D6 /* Base */ = {isa = PBXFileReference; lastKnownFileType = file.storyboard; name = Base; path = Base.lproj/LaunchScreen.storyboard; sourceTree = "<group>"; };
		78F4AB89233E130B00AA08D6 /* Info.plist */ = {isa = PBXFileReference; lastKnownFileType = text.plist.xml; path = Info.plist; sourceTree = "<group>"; };
/* End PBXFileReference section */

/* Begin PBXFrameworksBuildPhase section */
		78F4AB77233E130900AA08D6 /* Frameworks */ = {
			isa = PBXFrameworksBuildPhase;
			buildActionMask = 2147483647;
			files = (
			);
			runOnlyForDeploymentPostprocessing = 0;
		};
/* End PBXFrameworksBuildPhase section */

/* Begin PBXGroup section */
		780FA63F233E2CEC005FA8B7 /* CoreData */ = {
			isa = PBXGroup;
			children = (
				780FA640233E2D05005FA8B7 /* ToDo.xcdatamodeld */,
				780FA643233E4146005FA8B7 /* CoreDataStack.swift */,
			);
			path = CoreData;
			sourceTree = "<group>";
		};
		78F4AB71233E130800AA08D6 = {
			isa = PBXGroup;
			children = (
				788AB1302357261000CEFB9C /* todo.gif */,
				78F4AB7C233E130900AA08D6 /* ToDoApplication */,
				78F4AB7B233E130900AA08D6 /* Products */,
			);
			sourceTree = "<group>";
		};
		78F4AB7B233E130900AA08D6 /* Products */ = {
			isa = PBXGroup;
			children = (
				78F4AB7A233E130900AA08D6 /* ToDoApplication.app */,
			);
			name = Products;
			sourceTree = "<group>";
		};
		78F4AB7C233E130900AA08D6 /* ToDoApplication */ = {
			isa = PBXGroup;
			children = (
				780FA63F233E2CEC005FA8B7 /* CoreData */,
				78F4AB90233E1BFE00AA08D6 /* ViewController */,
				78F4AB7D233E130900AA08D6 /* AppDelegate.swift */,
				78F4AB81233E130900AA08D6 /* Main.storyboard */,
				78F4AB84233E130B00AA08D6 /* Assets.xcassets */,
				78F4AB86233E130B00AA08D6 /* LaunchScreen.storyboard */,
				78F4AB89233E130B00AA08D6 /* Info.plist */,
			);
			path = ToDoApplication;
			sourceTree = "<group>";
		};
		78F4AB90233E1BFE00AA08D6 /* ViewController */ = {
			isa = PBXGroup;
			children = (
				78C6ADFC233E1C4A00DDF781 /* AddToDoViewController.swift */,
				78C6ADFE233E1C7C00DDF781 /* ToDoTableViewController.swift */,
			);
			path = ViewController;
			sourceTree = "<group>";
		};
/* End PBXGroup section */

/* Begin PBXNativeTarget section */
		78F4AB79233E130900AA08D6 /* ToDoApplication */ = {
			isa = PBXNativeTarget;
			buildConfigurationList = 78F4AB8C233E130B00AA08D6 /* Build configuration list for PBXNativeTarget "ToDoApplication" */;
			buildPhases = (
				78F4AB76233E130900AA08D6 /* Sources */,
				78F4AB77233E130900AA08D6 /* Frameworks */,
				78F4AB78233E130900AA08D6 /* Resources */,
			);
			buildRules = (
			);
			dependencies = (
			);
			name = ToDoApplication;
			productName = ToDoApplication;
			productReference = 78F4AB7A233E130900AA08D6 /* ToDoApplication.app */;
			productType = "com.apple.product-type.application";
		};
/* End PBXNativeTarget section */

/* Begin PBXProject section */
		78F4AB72233E130800AA08D6 /* Project object */ = {
			isa = PBXProject;
			attributes = {
				LastSwiftUpdateCheck = 1020;
				LastUpgradeCheck = 1020;
				ORGANIZATIONNAME = Tushar;
				TargetAttributes = {
					78F4AB79233E130900AA08D6 = {
						CreatedOnToolsVersion = 10.2.1;
					};
				};
			};
			buildConfigurationList = 78F4AB75233E130800AA08D6 /* Build configuration list for PBXProject "ToDoApplication" */;
			compatibilityVersion = "Xcode 9.3";
			developmentRegion = en;
			hasScannedForEncodings = 0;
			knownRegions = (
				en,
				Base,
			);
			mainGroup = 78F4AB71233E130800AA08D6;
			productRefGroup = 78F4AB7B233E130900AA08D6 /* Products */;
			projectDirPath = "";
			projectRoot = "";
			targets = (
				78F4AB79233E130900AA08D6 /* ToDoApplication */,
			);
		};
/* End PBXProject section */

/* Begin PBXResourcesBuildPhase section */
		78F4AB78233E130900AA08D6 /* Resources */ = {
			isa = PBXResourcesBuildPhase;
			buildActionMask = 2147483647;
			files = (
				78F4AB88233E130B00AA08D6 /* LaunchScreen.storyboard in Resources */,
				78F4AB85233E130B00AA08D6 /* Assets.xcassets in Resources */,
				788AB1312357261000CEFB9C /* todo.gif in Resources */,
				78F4AB83233E130900AA08D6 /* Main.storyboard in Resources */,
			);
			runOnlyForDeploymentPostprocessing = 0;
		};
/* End PBXResourcesBuildPhase section */

/* Begin PBXSourcesBuildPhase section */
		78F4AB76233E130900AA08D6 /* Sources */ = {
			isa = PBXSourcesBuildPhase;
			buildActionMask = 2147483647;
			files = (
				780FA642233E2D05005FA8B7 /* ToDo.xcdatamodeld in Sources */,
				78C6ADFF233E1C7C00DDF781 /* ToDoTableViewController.swift in Sources */,
				780FA644233E4146005FA8B7 /* CoreDataStack.swift in Sources */,
				78C6ADFD233E1C4A00DDF781 /* AddToDoViewController.swift in Sources */,
				78F4AB7E233E130900AA08D6 /* AppDelegate.swift in Sources */,
			);
			runOnlyForDeploymentPostprocessing = 0;
		};
/* End PBXSourcesBuildPhase section */

/* Begin PBXVariantGroup section */
		78F4AB81233E130900AA08D6 /* Main.storyboard */ = {
			isa = PBXVariantGroup;
			children = (
				78F4AB82233E130900AA08D6 /* Base */,
			);
			name = Main.storyboard;
			sourceTree = "<group>";
		};
		78F4AB86233E130B00AA08D6 /* LaunchScreen.storyboard */ = {
			isa = PBXVariantGroup;
			children = (
				78F4AB87233E130B00AA08D6 /* Base */,
			);
			name = LaunchScreen.storyboard;
			sourceTree = "<group>";
		};
/* End PBXVariantGroup section */

/* Begin XCBuildConfiguration section */
		78F4AB8A233E130B00AA08D6 /* Debug */ = {
			isa = XCBuildConfiguration;
			buildSettings = {
				ALWAYS_SEARCH_USER_PATHS = NO;
				CLANG_ANALYZER_NONNULL = YES;
				CLANG_ANALYZER_NUMBER_OBJECT_CONVERSION = YES_AGGRESSIVE;
				CLANG_CXX_LANGUAGE_STANDARD = "gnu++14";
				CLANG_CXX_LIBRARY = "libc++";
				CLANG_ENABLE_MODULES = YES;
				CLANG_ENABLE_OBJC_ARC = YES;
				CLANG_ENABLE_OBJC_WEAK = YES;
				CLANG_WARN_BLOCK_CAPTURE_AUTORELEASING = YES;
				CLANG_WARN_BOOL_CONVERSION = YES;
				CLANG_WARN_COMMA = YES;
				CLANG_WARN_CONSTANT_CONVERSION = YES;
				CLANG_WARN_DEPRECATED_OBJC_IMPLEMENTATIONS = YES;
				CLANG_WARN_DIRECT_OBJC_ISA_USAGE = YES_ERROR;
				CLANG_WARN_DOCUMENTATION_COMMENTS = YES;
				CLANG_WARN_EMPTY_BODY = YES;
				CLANG_WARN_ENUM_CONVERSION = YES;
				CLANG_WARN_INFINITE_RECURSION = YES;
				CLANG_WARN_INT_CONVERSION = YES;
				CLANG_WARN_NON_LITERAL_NULL_CONVERSION = YES;
				CLANG_WARN_OBJC_IMPLICIT_RETAIN_SELF = YES;
				CLANG_WARN_OBJC_LITERAL_CONVERSION = YES;
				CLANG_WARN_OBJC_ROOT_CLASS = YES_ERROR;
				CLANG_WARN_RANGE_LOOP_ANALYSIS = YES;
				CLANG_WARN_STRICT_PROTOTYPES = YES;
				CLANG_WARN_SUSPICIOUS_MOVE = YES;
				CLANG_WARN_UNGUARDED_AVAILABILITY = YES_AGGRESSIVE;
				CLANG_WARN_UNREACHABLE_CODE = YES;
				CLANG_WARN__DUPLICATE_METHOD_MATCH = YES;
				CODE_SIGN_IDENTITY = "iPhone Developer";
				COPY_PHASE_STRIP = NO;
				DEBUG_INFORMATION_FORMAT = dwarf;
				ENABLE_STRICT_OBJC_MSGSEND = YES;
				ENABLE_TESTABILITY = YES;
				GCC_C_LANGUAGE_STANDARD = gnu11;
				GCC_DYNAMIC_NO_PIC = NO;
				GCC_NO_COMMON_BLOCKS = YES;
				GCC_OPTIMIZATION_LEVEL = 0;
				GCC_PREPROCESSOR_DEFINITIONS = (
					"DEBUG=1",
					"$(inherited)",
				);
				GCC_WARN_64_TO_32_BIT_CONVERSION = YES;
				GCC_WARN_ABOUT_RETURN_TYPE = YES_ERROR;
				GCC_WARN_UNDECLARED_SELECTOR = YES;
				GCC_WARN_UNINITIALIZED_AUTOS = YES_AGGRESSIVE;
				GCC_WARN_UNUSED_FUNCTION = YES;
				GCC_WARN_UNUSED_VARIABLE = YES;
				IPHONEOS_DEPLOYMENT_TARGET = 12.2;
				MTL_ENABLE_DEBUG_INFO = INCLUDE_SOURCE;
				MTL_FAST_MATH = YES;
				ONLY_ACTIVE_ARCH = YES;
				SDKROOT = iphoneos;
				SWIFT_ACTIVE_COMPILATION_CONDITIONS = DEBUG;
				SWIFT_OPTIMIZATION_LEVEL = "-Onone";
			};
			name = Debug;
		};
		78F4AB8B233E130B00AA08D6 /* Release */ = {
			isa = XCBuildConfiguration;
			buildSettings = {
				ALWAYS_SEARCH_USER_PATHS = NO;
				CLANG_ANALYZER_NONNULL = YES;
				CLANG_ANALYZER_NUMBER_OBJECT_CONVERSION = YES_AGGRESSIVE;
				CLANG_CXX_LANGUAGE_STANDARD = "gnu++14";
				CLANG_CXX_LIBRARY = "libc++";
				CLANG_ENABLE_MODULES = YES;
				CLANG_ENABLE_OBJC_ARC = YES;
				CLANG_ENABLE_OBJC_WEAK = YES;
				CLANG_WARN_BLOCK_CAPTURE_AUTORELEASING = YES;
				CLANG_WARN_BOOL_CONVERSION = YES;
				CLANG_WARN_COMMA = YES;
				CLANG_WARN_CONSTANT_CONVERSION = YES;
				CLANG_WARN_DEPRECATED_OBJC_IMPLEMENTATIONS = YES;
				CLANG_WARN_DIRECT_OBJC_ISA_USAGE = YES_ERROR;
				CLANG_WARN_DOCUMENTATION_COMMENTS = YES;
				CLANG_WARN_EMPTY_BODY = YES;
				CLANG_WARN_ENUM_CONVERSION = YES;
				CLANG_WARN_INFINITE_RECURSION = YES;
				CLANG_WARN_INT_CONVERSION = YES;
				CLANG_WARN_NON_LITERAL_NULL_CONVERSION = YES;
				CLANG_WARN_OBJC_IMPLICIT_RETAIN_SELF = YES;
				CLANG_WARN_OBJC_LITERAL_CONVERSION = YES;
				CLANG_WARN_OBJC_ROOT_CLASS = YES_ERROR;
				CLANG_WARN_RANGE_LOOP_ANALYSIS = YES;
				CLANG_WARN_STRICT_PROTOTYPES = YES;
				CLANG_WARN_SUSPICIOUS_MOVE = YES;
				CLANG_WARN_UNGUARDED_AVAILABILITY = YES_AGGRESSIVE;
				CLANG_WARN_UNREACHABLE_CODE = YES;
				CLANG_WARN__DUPLICATE_METHOD_MATCH = YES;
				CODE_SIGN_IDENTITY = "iPhone Developer";
				COPY_PHASE_STRIP = NO;
				DEBUG_INFORMATION_FORMAT = "dwarf-with-dsym";
				ENABLE_NS_ASSERTIONS = NO;
				ENABLE_STRICT_OBJC_MSGSEND = YES;
				GCC_C_LANGUAGE_STANDARD = gnu11;
				GCC_NO_COMMON_BLOCKS = YES;
				GCC_WARN_64_TO_32_BIT_CONVERSION = YES;
				GCC_WARN_ABOUT_RETURN_TYPE = YES_ERROR;
				GCC_WARN_UNDECLARED_SELECTOR = YES;
				GCC_WARN_UNINITIALIZED_AUTOS = YES_AGGRESSIVE;
				GCC_WARN_UNUSED_FUNCTION = YES;
				GCC_WARN_UNUSED_VARIABLE = YES;
				IPHONEOS_DEPLOYMENT_TARGET = 12.2;
				MTL_ENABLE_DEBUG_INFO = NO;
				MTL_FAST_MATH = YES;
				SDKROOT = iphoneos;
				SWIFT_COMPILATION_MODE = wholemodule;
				SWIFT_OPTIMIZATION_LEVEL = "-O";
				VALIDATE_PRODUCT = YES;
			};
			name = Release;
		};
		78F4AB8D233E130B00AA08D6 /* Debug */ = {
			isa = XCBuildConfiguration;
			buildSettings = {
				ASSETCATALOG_COMPILER_APPICON_NAME = AppIcon;
				CODE_SIGN_STYLE = Automatic;
				INFOPLIST_FILE = ToDoApplication/Info.plist;
				LD_RUNPATH_SEARCH_PATHS = (
					"$(inherited)",
					"@executable_path/Frameworks",
				);
				PRODUCT_BUNDLE_IDENTIFIER = Tushar.ToDoApplication;
				PRODUCT_NAME = "$(TARGET_NAME)";
				SWIFT_VERSION = 5.0;
				TARGETED_DEVICE_FAMILY = "1,2";
			};
			name = Debug;
		};
		78F4AB8E233E130B00AA08D6 /* Release */ = {
			isa = XCBuildConfiguration;
			buildSettings = {
				ASSETCATALOG_COMPILER_APPICON_NAME = AppIcon;
				CODE_SIGN_STYLE = Automatic;
				INFOPLIST_FILE = ToDoApplication/Info.plist;
				LD_RUNPATH_SEARCH_PATHS = (
					"$(inherited)",
					"@executable_path/Frameworks",
				);
				PRODUCT_BUNDLE_IDENTIFIER = Tushar.ToDoApplication;
				PRODUCT_NAME = "$(TARGET_NAME)";
				SWIFT_VERSION = 5.0;
				TARGETED_DEVICE_FAMILY = "1,2";
			};
			name = Release;
		};
/* End XCBuildConfiguration section */

/* Begin XCConfigurationList section */
		78F4AB75233E130800AA08D6 /* Build configuration list for PBXProject "ToDoApplication" */ = {
			isa = XCConfigurationList;
			buildConfigurations = (
				78F4AB8A233E130B00AA08D6 /* Debug */,
				78F4AB8B233E130B00AA08D6 /* Release */,
			);
			defaultConfigurationIsVisible = 0;
			defaultConfigurationName = Release;
		};
		78F4AB8C233E130B00AA08D6 /* Build configuration list for PBXNativeTarget "ToDoApplication" */ = {
			isa = XCConfigurationList;
			buildConfigurations = (
				78F4AB8D233E130B00AA08D6 /* Debug */,
				78F4AB8E233E130B00AA08D6 /* Release */,
			);
			defaultConfigurationIsVisible = 0;
			defaultConfigurationName = Release;
		};
/* End XCConfigurationList section */

/* Begin XCVersionGroup section */
		780FA640233E2D05005FA8B7 /* ToDo.xcdatamodeld */ = {
			isa = XCVersionGroup;
			children = (
				780FA641233E2D05005FA8B7 /* ToDo.xcdatamodel */,
			);
			currentVersion = 780FA641233E2D05005FA8B7 /* ToDo.xcdatamodel */;
			path = ToDo.xcdatamodeld;
			sourceTree = "<group>";
			versionGroupType = wrapper.xcdatamodel;
		};
/* End XCVersionGroup section */
	};
	rootObject = 78F4AB72233E130800AA08D6 /* Project object */;
}
